
Microsoft Visual Studio Solution File, Format Version 12.00
# Visual Studio 15
VisualStudioVersion = 15.0.27130.2010
MinimumVisualStudioVersion = 10.0.40219.1
Project("{FAE04EC0-301F-11D3-BF4B-00C04F79EFBC}") = "ServiceAssembly", "ServiceAssembly\ServiceAssembly.csproj", "{3C391D3E-267B-423F-93CE-4E711C8E24FF}"
EndProject
Project("{FAE04EC0-301F-11D3-BF4B-00C04F79EFBC}") = "ChatServer", "ChatServer\ChatServer.csproj", "{9D4E8D74-9F06-46E9-9F22-C1903A662DA2}"
EndProject
Project("{FAE04EC0-301F-11D3-BF4B-00C04F79EFBC}") = "WinFormClient", "WinFormClient\WinFormClient.csproj", "{390F5C5A-270E-4694-BCFE-BA4FB232DF4C}"
EndProject
Global
	GlobalSection(SolutionConfigurationPlatforms) = preSolution
		Debug|Any CPU = Debug|Any CPU
		Release|Any CPU = Release|Any CPU
	EndGlobalSection
	GlobalSection(ProjectConfigurationPlatforms) = postSolution
		{3C391D3E-267B-423F-93CE-4E711C8E24FF}.Debug|Any CPU.ActiveCfg = Debug|Any CPU
		{3C391D3E-267B-423F-93CE-4E711C8E24FF}.Debug|Any CPU.Build.0 = Debug|Any CPU
		{3C391D3E-267B-423F-93CE-4E711C8E24FF}.Release|Any CPU.ActiveCfg = Release|Any CPU
		{3C391D3E-267B-423F-93CE-4E711C8E24FF}.Release|Any CPU.Build.0 = Release|Any CPU
		{9D4E8D74-9F06-46E9-9F22-C1903A662DA2}.Debug|Any CPU.ActiveCfg = Debug|Any CPU
		{9D4E8D74-9F06-46E9-9F22-C1903A662DA2}.Debug|Any CPU.Build.0 = Debug|Any CPU
		{9D4E8D74-9F06-46E9-9F22-C1903A662DA2}.Release|Any CPU.ActiveCfg = Release|Any CPU
		{9D4E8D74-9F06-46E9-9F22-C1903A662DA2}.Release|Any CPU.Build.0 = Release|Any CPU
		{390F5C5A-270E-4694-BCFE-BA4FB232DF4C}.Debug|Any CPU.ActiveCfg = Debug|Any CPU
		{390F5C5A-270E-4694-BCFE-BA4FB232DF4C}.Debug|Any CPU.Build.0 = Debug|Any CPU
		{390F5C5A-270E-4694-BCFE-BA4FB232DF4C}.Release|Any CPU.ActiveCfg = Release|Any CPU
		{390F5C5A-270E-4694-BCFE-BA4FB232DF4C}.Release|Any CPU.Build.0 = Release|Any CPU
	EndGlobalSection
	GlobalSection(SolutionProperties) = preSolution
		HideSolutionNode = FALSE
	EndGlobalSection
	GlobalSection(ExtensibilityGlobals) = postSolution
		SolutionGuid = {01CD2998-A467-4B09-812F-EC8557548556}
	EndGlobalSection
EndGlobal
